
Microsoft Visual Studio Solution File, Format Version 12.00
# Visual Studio Version 17
VisualStudioVersion = 17.14.36518.9
MinimumVisualStudioVersion = 10.0.40219.1
Project("{FAE04EC0-301F-11D3-BF4B-00C04F79EFBC}") = "PresentaionLayer", "PresentaionLayer.csproj", "{77BABDC7-6289-434B-ACCB-2EC9FBD93E72}"
EndProject
Project("{FAE04EC0-301F-11D3-BF4B-00C04F79EFBC}") = "Project_DataAccessLayer", "..\Projecr19 DataAccessLayer\Project_DataAccessLayer.csproj", "{F77E579E-BE37-4CBA-9B8E-483A48C3CC33}"
EndProject
Project("{FAE04EC0-301F-11D3-BF4B-00C04F79EFBC}") = "Project19_businessLayer", "..\Project19 BussnessLayer\Project19_businessLayer.csproj", "{9BACAED4-ED35-43B9-B057-338D7A3969EA}"
EndProject
Global
	GlobalSection(SolutionConfigurationPlatforms) = preSolution
		Debug|Any CPU = Debug|Any CPU
		Release|Any CPU = Release|Any CPU
	EndGlobalSection
	GlobalSection(ProjectConfigurationPlatforms) = postSolution
		{77BABDC7-6289-434B-ACCB-2EC9FBD93E72}.Debug|Any CPU.ActiveCfg = Debug|Any CPU
		{77BABDC7-6289-434B-ACCB-2EC9FBD93E72}.Debug|Any CPU.Build.0 = Debug|Any CPU
		{77BABDC7-6289-434B-ACCB-2EC9FBD93E72}.Release|Any CPU.ActiveCfg = Release|Any CPU
		{77BABDC7-6289-434B-ACCB-2EC9FBD93E72}.Release|Any CPU.Build.0 = Release|Any CPU
		{F77E579E-BE37-4CBA-9B8E-483A48C3CC33}.Debug|Any CPU.ActiveCfg = Debug|Any CPU
		{F77E579E-BE37-4CBA-9B8E-483A48C3CC33}.Debug|Any CPU.Build.0 = Debug|Any CPU
		{F77E579E-BE37-4CBA-9B8E-483A48C3CC33}.Release|Any CPU.ActiveCfg = Release|Any CPU
		{F77E579E-BE37-4CBA-9B8E-483A48C3CC33}.Release|Any CPU.Build.0 = Release|Any CPU
		{9BACAED4-ED35-43B9-B057-338D7A3969EA}.Debug|Any CPU.ActiveCfg = Debug|Any CPU
		{9BACAED4-ED35-43B9-B057-338D7A3969EA}.Debug|Any CPU.Build.0 = Debug|Any CPU
		{9BACAED4-ED35-43B9-B057-338D7A3969EA}.Release|Any CPU.ActiveCfg = Release|Any CPU
		{9BACAED4-ED35-43B9-B057-338D7A3969EA}.Release|Any CPU.Build.0 = Release|Any CPU
	EndGlobalSection
	GlobalSection(SolutionProperties) = preSolution
		HideSolutionNode = FALSE
	EndGlobalSection
	GlobalSection(ExtensibilityGlobals) = postSolution
		SolutionGuid = {DD6E3165-C0A1-40E3-8D79-8E2C232AB963}
	EndGlobalSection
EndGlobal
